
Microsoft Visual Studio Solution File, Format Version 12.00
# Visual Studio Version 16
VisualStudioVersion = 16.0.29613.14
MinimumVisualStudioVersion = 10.0.40219.1
Project("{FAE04EC0-301F-11D3-BF4B-00C04F79EFBC}") = "VRSRBot", "VRSRBot.csproj", "{F24B3798-1598-4CDF-AB88-2354CAF73123}"
EndProject
Global
	GlobalSection(SolutionConfigurationPlatforms) = preSolution
		Debug|Any CPU = Debug|Any CPU
		Release|Any CPU = Release|Any CPU
	EndGlobalSection
	GlobalSection(ProjectConfigurationPlatforms) = postSolution
		{F24B3798-1598-4CDF-AB88-2354CAF73123}.Debug|Any CPU.ActiveCfg = Debug|Any CPU
		{F24B3798-1598-4CDF-AB88-2354CAF73123}.Debug|Any CPU.Build.0 = Debug|Any CPU
		{F24B3798-1598-4CDF-AB88-2354CAF73123}.Release|Any CPU.ActiveCfg = Release|Any CPU
		{F24B3798-1598-4CDF-AB88-2354CAF73123}.Release|Any CPU.Build.0 = Release|Any CPU
	EndGlobalSection
	GlobalSection(SolutionProperties) = preSolution
		HideSolutionNode = FALSE
	EndGlobalSection
	GlobalSection(ExtensibilityGlobals) = postSolution
		SolutionGuid = {4173A803-9CDB-48C2-99BC-3F7C32BB4733}
	EndGlobalSection
EndGlobal
